
Microsoft Visual Studio Solution File, Format Version 12.00
# Visual Studio Version 17
VisualStudioVersion = 17.0.32014.148
MinimumVisualStudioVersion = 10.0.40219.1
Project("{FAE04EC0-301F-11D3-BF4B-00C04F79EFBC}") = "BinPull", "BinPull\BinPull.csproj", "{3B7E6706-6FB3-4CE4-A861-035336D366C7}"
EndProject
Global
	GlobalSection(SolutionConfigurationPlatforms) = preSolution
		Debug|Any CPU = Debug|Any CPU
		Release|Any CPU = Release|Any CPU
	EndGlobalSection
	GlobalSection(ProjectConfigurationPlatforms) = postSolution
		{3B7E6706-6FB3-4CE4-A861-035336D366C7}.Debug|Any CPU.ActiveCfg = Debug|Any CPU
		{3B7E6706-6FB3-4CE4-A861-035336D366C7}.Debug|Any CPU.Build.0 = Debug|Any CPU
		{3B7E6706-6FB3-4CE4-A861-035336D366C7}.Release|Any CPU.ActiveCfg = Release|Any CPU
		{3B7E6706-6FB3-4CE4-A861-035336D366C7}.Release|Any CPU.Build.0 = Release|Any CPU
	EndGlobalSection
	GlobalSection(SolutionProperties) = preSolution
		HideSolutionNode = FALSE
	EndGlobalSection
	GlobalSection(ExtensibilityGlobals) = postSolution
		SolutionGuid = {DD01AA9F-4BD8-4FEC-BF6D-EFF9034BF95E}
	EndGlobalSection
EndGlobal
